// !$*UTF8*$!
{
	archiveVersion = 1;
	classes = {
	};
	objectVersion = 46;
	objects = {

/* Begin PBXBuildFile section */
		9AF87D5B1EDBB27600CCFDF0 /* AppDelegate.swift in Sources */ = {isa = PBXBuildFile; fileRef = 9AF87D5A1EDBB27600CCFDF0 /* AppDelegate.swift */; };
		9AF87D5D1EDBB27600CCFDF0 /* ViewController.swift in Sources */ = {isa = PBXBuildFile; fileRef = 9AF87D5C1EDBB27600CCFDF0 /* ViewController.swift */; };
		9AF87D601EDBB27600CCFDF0 /* Main.storyboard in Resources */ = {isa = PBXBuildFile; fileRef = 9AF87D5E1EDBB27600CCFDF0 /* Main.storyboard */; };
		9AF87D621EDBB27600CCFDF0 /* Assets.xcassets in Resources */ = {isa = PBXBuildFile; fileRef = 9AF87D611EDBB27600CCFDF0 /* Assets.xcassets */; };
		9AF87D651EDBB27600CCFDF0 /* LaunchScreen.storyboard in Resources */ = {isa = PBXBuildFile; fileRef = 9AF87D631EDBB27600CCFDF0 /* LaunchScreen.storyboard */; };
		9AF87D701EDBB27600CCFDF0 /* WebViewDemoTests.swift in Sources */ = {isa = PBXBuildFile; fileRef = 9AF87D6F1EDBB27600CCFDF0 /* WebViewDemoTests.swift */; };
		9AF87D7B1EDBB27600CCFDF0 /* WebViewDemoUITests.swift in Sources */ = {isa = PBXBuildFile; fileRef = 9AF87D7A1EDBB27600CCFDF0 /* WebViewDemoUITests.swift */; };
/* End PBXBuildFile section */

/* Begin PBXContainerItemProxy section */
		9AF87D6C1EDBB27600CCFDF0 /* PBXContainerItemProxy */ = {
			isa = PBXContainerItemProxy;
			containerPortal = 9AF87D4F1EDBB27600CCFDF0 /* Project object */;
			proxyType = 1;
			remoteGlobalIDString = 9AF87D561EDBB27600CCFDF0;
			remoteInfo = WebViewDemo;
		};
		9AF87D771EDBB27600CCFDF0 /* PBXContainerItemProxy */ = {
			isa = PBXContainerItemProxy;
			containerPortal = 9AF87D4F1EDBB27600CCFDF0 /* Project object */;
			proxyType = 1;
			remoteGlobalIDString = 9AF87D561EDBB27600CCFDF0;
			remoteInfo = WebViewDemo;
		};
/* End PBXContainerItemProxy section */

/* Begin PBXFileReference section */
		9AF87D571EDBB27600CCFDF0 /* WebViewDemo.app */ = {isa = PBXFileReference; explicitFileType = wrapper.application; includeInIndex = 0; path = WebViewDemo.app; sourceTree = BUILT_PRODUCTS_DIR; };
		9AF87D5A1EDBB27600CCFDF0 /* AppDelegate.swift */ = {isa = PBXFileReference; lastKnownFileType = sourcecode.swift; path = AppDelegate.swift; sourceTree = "<group>"; };
		9AF87D5C1EDBB27600CCFDF0 /* ViewController.swift */ = {isa = PBXFileReference; lastKnownFileType = sourcecode.swift; path = ViewController.swift; sourceTree = "<group>"; };
		9AF87D5F1EDBB27600CCFDF0 /* Base */ = {isa = PBXFileReference; lastKnownFileType = file.storyboard; name = Base; path = Base.lproj/Main.storyboard; sourceTree = "<group>"; };
		9AF87D611EDBB27600CCFDF0 /* Assets.xcassets */ = {isa = PBXFileReference; lastKnownFileType = folder.assetcatalog; path = Assets.xcassets; sourceTree = "<group>"; };
		9AF87D641EDBB27600CCFDF0 /* Base */ = {isa = PBXFileReference; lastKnownFileType = file.storyboard; name = Base; path = Base.lproj/LaunchScreen.storyboard; sourceTree = "<group>"; };
		9AF87D661EDBB27600CCFDF0 /* Info.plist */ = {isa = PBXFileReference; lastKnownFileType = text.plist.xml; path = Info.plist; sourceTree = "<group>"; };
		9AF87D6B1EDBB27600CCFDF0 /* WebViewDemoTests.xctest */ = {isa = PBXFileReference; explicitFileType = wrapper.cfbundle; includeInIndex = 0; path = WebViewDemoTests.xctest; sourceTree = BUILT_PRODUCTS_DIR; };
		9AF87D6F1EDBB27600CCFDF0 /* WebViewDemoTests.swift */ = {isa = PBXFileReference; lastKnownFileType = sourcecode.swift; path = WebViewDemoTests.swift; sourceTree = "<group>"; };
		9AF87D711EDBB27600CCFDF0 /* Info.plist */ = {isa = PBXFileReference; lastKnownFileType = text.plist.xml; path = Info.plist; sourceTree = "<group>"; };
		9AF87D761EDBB27600CCFDF0 /* WebViewDemoUITests.xctest */ = {isa = PBXFileReference; explicitFileType = wrapper.cfbundle; includeInIndex = 0; path = WebViewDemoUITests.xctest; sourceTree = BUILT_PRODUCTS_DIR; };
		9AF87D7A1EDBB27600CCFDF0 /* WebViewDemoUITests.swift */ = {isa = PBXFileReference; lastKnownFileType = sourcecode.swift; path = WebViewDemoUITests.swift; sourceTree = "<group>"; };
		9AF87D7C1EDBB27600CCFDF0 /* Info.plist */ = {isa = PBXFileReference; lastKnownFileType = text.plist.xml; path = Info.plist; sourceTree = "<group>"; };
/* End PBXFileReference section */

/* Begin PBXFrameworksBuildPhase section */
		9AF87D541EDBB27600CCFDF0 /* Frameworks */ = {
			isa = PBXFrameworksBuildPhase;
			buildActionMask = 2147483647;
			files = (
			);
			runOnlyForDeploymentPostprocessing = 0;
		};
		9AF87D681EDBB27600CCFDF0 /* Frameworks */ = {
			isa = PBXFrameworksBuildPhase;
			buildActionMask = 2147483647;
			files = (
			);
			runOnlyForDeploymentPostprocessing = 0;
		};
		9AF87D731EDBB27600CCFDF0 /* Frameworks */ = {
			isa = PBXFrameworksBuildPhase;
			buildActionMask = 2147483647;
			files = (
			);
			runOnlyForDeploymentPostprocessing = 0;
		};
/* End PBXFrameworksBuildPhase section */

/* Begin PBXGroup section */
		9AF87D4E1EDBB27600CCFDF0 = {
			isa = PBXGroup;
			children = (
				9AF87D591EDBB27600CCFDF0 /* WebViewDemo */,
				9AF87D6E1EDBB27600CCFDF0 /* WebViewDemoTests */,
				9AF87D791EDBB27600CCFDF0 /* WebViewDemoUITests */,
				9AF87D581EDBB27600CCFDF0 /* Products */,
			);
			sourceTree = "<group>";
		};
		9AF87D581EDBB27600CCFDF0 /* Products */ = {
			isa = PBXGroup;
			children = (
				9AF87D571EDBB27600CCFDF0 /* WebViewDemo.app */,
				9AF87D6B1EDBB27600CCFDF0 /* WebViewDemoTests.xctest */,
				9AF87D761EDBB27600CCFDF0 /* WebViewDemoUITests.xctest */,
			);
			name = Products;
			sourceTree = "<group>";
		};
		9AF87D591EDBB27600CCFDF0 /* WebViewDemo */ = {
			isa = PBXGroup;
			children = (
				9AF87D5A1EDBB27600CCFDF0 /* AppDelegate.swift */,
				9AF87D5C1EDBB27600CCFDF0 /* ViewController.swift */,
				9AF87D5E1EDBB27600CCFDF0 /* Main.storyboard */,
				9AF87D611EDBB27600CCFDF0 /* Assets.xcassets */,
				9AF87D631EDBB27600CCFDF0 /* LaunchScreen.storyboard */,
				9AF87D661EDBB27600CCFDF0 /* Info.plist */,
			);
			path = WebViewDemo;
			sourceTree = "<group>";
		};
		9AF87D6E1EDBB27600CCFDF0 /* WebViewDemoTests */ = {
			isa = PBXGroup;
			children = (
				9AF87D6F1EDBB27600CCFDF0 /* WebViewDemoTests.swift */,
				9AF87D711EDBB27600CCFDF0 /* Info.plist */,
			);
			path = WebViewDemoTests;
			sourceTree = "<group>";
		};
		9AF87D791EDBB27600CCFDF0 /* WebViewDemoUITests */ = {
			isa = PBXGroup;
			children = (
				9AF87D7A1EDBB27600CCFDF0 /* WebViewDemoUITests.swift */,
				9AF87D7C1EDBB27600CCFDF0 /* Info.plist */,
			);
			path = WebViewDemoUITests;
			sourceTree = "<group>";
		};
/* End PBXGroup section */

/* Begin PBXNativeTarget section */
		9AF87D561EDBB27600CCFDF0 /* WebViewDemo */ = {
			isa = PBXNativeTarget;
			buildConfigurationList = 9AF87D7F1EDBB27600CCFDF0 /* Build configuration list for PBXNativeTarget "WebViewDemo" */;
			buildPhases = (
				9AF87D531EDBB27600CCFDF0 /* Sources */,
				9AF87D541EDBB27600CCFDF0 /* Frameworks */,
				9AF87D551EDBB27600CCFDF0 /* Resources */,
			);
			buildRules = (
			);
			dependencies = (
			);
			name = WebViewDemo;
			productName = WebViewDemo;
			productReference = 9AF87D571EDBB27600CCFDF0 /* WebViewDemo.app */;
			productType = "com.apple.product-type.application";
		};
		9AF87D6A1EDBB27600CCFDF0 /* WebViewDemoTests */ = {
			isa = PBXNativeTarget;
			buildConfigurationList = 9AF87D821EDBB27600CCFDF0 /* Build configuration list for PBXNativeTarget "WebViewDemoTests" */;
			buildPhases = (
				9AF87D671EDBB27600CCFDF0 /* Sources */,
				9AF87D681EDBB27600CCFDF0 /* Frameworks */,
				9AF87D691EDBB27600CCFDF0 /* Resources */,
			);
			buildRules = (
			);
			dependencies = (
				9AF87D6D1EDBB27600CCFDF0 /* PBXTargetDependency */,
			);
			name = WebViewDemoTests;
			productName = WebViewDemoTests;
			productReference = 9AF87D6B1EDBB27600CCFDF0 /* WebViewDemoTests.xctest */;
			productType = "com.apple.product-type.bundle.unit-test";
		};
		9AF87D751EDBB27600CCFDF0 /* WebViewDemoUITests */ = {
			isa = PBXNativeTarget;
			buildConfigurationList = 9AF87D851EDBB27600CCFDF0 /* Build configuration list for PBXNativeTarget "WebViewDemoUITests" */;
			buildPhases = (
				9AF87D721EDBB27600CCFDF0 /* Sources */,
				9AF87D731EDBB27600CCFDF0 /* Frameworks */,
				9AF87D741EDBB27600CCFDF0 /* Resources */,
			);
			buildRules = (
			);
			dependencies = (
				9AF87D781EDBB27600CCFDF0 /* PBXTargetDependency */,
			);
			name = WebViewDemoUITests;
			productName = WebViewDemoUITests;
			productReference = 9AF87D761EDBB27600CCFDF0 /* WebViewDemoUITests.xctest */;
			productType = "com.apple.product-type.bundle.ui-testing";
		};
/* End PBXNativeTarget section */

/* Begin PBXProject section */
		9AF87D4F1EDBB27600CCFDF0 /* Project object */ = {
			isa = PBXProject;
			attributes = {
				LastSwiftUpdateCheck = 0830;
				LastUpgradeCheck = 0830;
				ORGANIZATIONNAME = "Woocheol Park";
				TargetAttributes = {
					9AF87D561EDBB27600CCFDF0 = {
						CreatedOnToolsVersion = 8.3.2;
						ProvisioningStyle = Automatic;
					};
					9AF87D6A1EDBB27600CCFDF0 = {
						CreatedOnToolsVersion = 8.3.2;
						ProvisioningStyle = Automatic;
						TestTargetID = 9AF87D561EDBB27600CCFDF0;
					};
					9AF87D751EDBB27600CCFDF0 = {
						CreatedOnToolsVersion = 8.3.2;
						ProvisioningStyle = Automatic;
						TestTargetID = 9AF87D561EDBB27600CCFDF0;
					};
				};
			};
			buildConfigurationList = 9AF87D521EDBB27600CCFDF0 /* Build configuration list for PBXProject "WebViewDemo" */;
			compatibilityVersion = "Xcode 3.2";
			developmentRegion = English;
			hasScannedForEncodings = 0;
			knownRegions = (
				en,
				Base,
			);
			mainGroup = 9AF87D4E1EDBB27600CCFDF0;
			productRefGroup = 9AF87D581EDBB27600CCFDF0 /* Products */;
			projectDirPath = "";
			projectRoot = "";
			targets = (
				9AF87D561EDBB27600CCFDF0 /* WebViewDemo */,
				9AF87D6A1EDBB27600CCFDF0 /* WebViewDemoTests */,
				9AF87D751EDBB27600CCFDF0 /* WebViewDemoUITests */,
			);
		};
/* End PBXProject section */

/* Begin PBXResourcesBuildPhase section */
		9AF87D551EDBB27600CCFDF0 /* Resources */ = {
			isa = PBXResourcesBuildPhase;
			buildActionMask = 2147483647;
			files = (
				9AF87D651EDBB27600CCFDF0 /* LaunchScreen.storyboard in Resources */,
				9AF87D621EDBB27600CCFDF0 /* Assets.xcassets in Resources */,
				9AF87D601EDBB27600CCFDF0 /* Main.storyboard in Resources */,
			);
			runOnlyForDeploymentPostprocessing = 0;
		};
		9AF87D691EDBB27600CCFDF0 /* Resources */ = {
			isa = PBXResourcesBuildPhase;
			buildActionMask = 2147483647;
			files = (
			);
			runOnlyForDeploymentPostprocessing = 0;
		};
		9AF87D741EDBB27600CCFDF0 /* Resources */ = {
			isa = PBXResourcesBuildPhase;
			buildActionMask = 2147483647;
			files = (
			);
			runOnlyForDeploymentPostprocessing = 0;
		};
/* End PBXResourcesBuildPhase section */

/* Begin PBXSourcesBuildPhase section */
		9AF87D531EDBB27600CCFDF0 /* Sources */ = {
			isa = PBXSourcesBuildPhase;
			buildActionMask = 2147483647;
			files = (
				9AF87D5D1EDBB27600CCFDF0 /* ViewController.swift in Sources */,
				9AF87D5B1EDBB27600CCFDF0 /* AppDelegate.swift in Sources */,
			);
			runOnlyForDeploymentPostprocessing = 0;
		};
		9AF87D671EDBB27600CCFDF0 /* Sources */ = {
			isa = PBXSourcesBuildPhase;
			buildActionMask = 2147483647;
			files = (
				9AF87D701EDBB27600CCFDF0 /* WebViewDemoTests.swift in Sources */,
			);
			runOnlyForDeploymentPostprocessing = 0;
		};
		9AF87D721EDBB27600CCFDF0 /* Sources */ = {
			isa = PBXSourcesBuildPhase;
			buildActionMask = 2147483647;
			files = (
				9AF87D7B1EDBB27600CCFDF0 /* WebViewDemoUITests.swift in Sources */,
			);
			runOnlyForDeploymentPostprocessing = 0;
		};
/* End PBXSourcesBuildPhase section */

/* Begin PBXTargetDependency section */
		9AF87D6D1EDBB27600CCFDF0 /* PBXTargetDependency */ = {
			isa = PBXTargetDependency;
			target = 9AF87D561EDBB27600CCFDF0 /* WebViewDemo */;
			targetProxy = 9AF87D6C1EDBB27600CCFDF0 /* PBXContainerItemProxy */;
		};
		9AF87D781EDBB27600CCFDF0 /* PBXTargetDependency */ = {
			isa = PBXTargetDependency;
			target = 9AF87D561EDBB27600CCFDF0 /* WebViewDemo */;
			targetProxy = 9AF87D771EDBB27600CCFDF0 /* PBXContainerItemProxy */;
		};
/* End PBXTargetDependency section */

/* Begin PBXVariantGroup section */
		9AF87D5E1EDBB27600CCFDF0 /* Main.storyboard */ = {
			isa = PBXVariantGroup;
			children = (
				9AF87D5F1EDBB27600CCFDF0 /* Base */,
			);
			name = Main.storyboard;
			sourceTree = "<group>";
		};
		9AF87D631EDBB27600CCFDF0 /* LaunchScreen.storyboard */ = {
			isa = PBXVariantGroup;
			children = (
				9AF87D641EDBB27600CCFDF0 /* Base */,
			);
			name = LaunchScreen.storyboard;
			sourceTree = "<group>";
		};
/* End PBXVariantGroup section */

/* Begin XCBuildConfiguration section */
		9AF87D7D1EDBB27600CCFDF0 /* Debug */ = {
			isa = XCBuildConfiguration;
			buildSettings = {
				ALWAYS_SEARCH_USER_PATHS = NO;
				CLANG_ANALYZER_NONNULL = YES;
				CLANG_ANALYZER_NUMBER_OBJECT_CONVERSION = YES_AGGRESSIVE;
				CLANG_CXX_LANGUAGE_STANDARD = "gnu++0x";
				CLANG_CXX_LIBRARY = "libc++";
				CLANG_ENABLE_MODULES = YES;
				CLANG_ENABLE_OBJC_ARC = YES;
				CLANG_WARN_BOOL_CONVERSION = YES;
				CLANG_WARN_CONSTANT_CONVERSION = YES;
				CLANG_WARN_DIRECT_OBJC_ISA_USAGE = YES_ERROR;
				CLANG_WARN_DOCUMENTATION_COMMENTS = YES;
				CLANG_WARN_EMPTY_BODY = YES;
				CLANG_WARN_ENUM_CONVERSION = YES;
				CLANG_WARN_INFINITE_RECURSION = YES;
				CLANG_WARN_INT_CONVERSION = YES;
				CLANG_WARN_OBJC_ROOT_CLASS = YES_ERROR;
				CLANG_WARN_SUSPICIOUS_MOVE = YES;
				CLANG_WARN_UNREACHABLE_CODE = YES;
				CLANG_WARN__DUPLICATE_METHOD_MATCH = YES;
				"CODE_SIGN_IDENTITY[sdk=iphoneos*]" = "iPhone Developer";
				COPY_PHASE_STRIP = NO;
				DEBUG_INFORMATION_FORMAT = dwarf;
				ENABLE_STRICT_OBJC_MSGSEND = YES;
				ENABLE_TESTABILITY = YES;
				GCC_C_LANGUAGE_STANDARD = gnu99;
				GCC_DYNAMIC_NO_PIC = NO;
				GCC_NO_COMMON_BLOCKS = YES;
				GCC_OPTIMIZATION_LEVEL = 0;
				GCC_PREPROCESSOR_DEFINITIONS = (
					"DEBUG=1",
					"$(inherited)",
				);
				GCC_WARN_64_TO_32_BIT_CONVERSION = YES;
				GCC_WARN_ABOUT_RETURN_TYPE = YES_ERROR;
				GCC_WARN_UNDECLARED_SELECTOR = YES;
				GCC_WARN_UNINITIALIZED_AUTOS = YES_AGGRESSIVE;
				GCC_WARN_UNUSED_FUNCTION = YES;
				GCC_WARN_UNUSED_VARIABLE = YES;
				IPHONEOS_DEPLOYMENT_TARGET = 10.3;
				MTL_ENABLE_DEBUG_INFO = YES;
				ONLY_ACTIVE_ARCH = YES;
				SDKROOT = iphoneos;
				SWIFT_ACTIVE_COMPILATION_CONDITIONS = DEBUG;
				SWIFT_OPTIMIZATION_LEVEL = "-Onone";
			};
			name = Debug;
		};
		9AF87D7E1EDBB27600CCFDF0 /* Release */ = {
			isa = XCBuildConfiguration;
			buildSettings = {
				ALWAYS_SEARCH_USER_PATHS = NO;
				CLANG_ANALYZER_NONNULL = YES;
				CLANG_ANALYZER_NUMBER_OBJECT_CONVERSION = YES_AGGRESSIVE;
				CLANG_CXX_LANGUAGE_STANDARD = "gnu++0x";
				CLANG_CXX_LIBRARY = "libc++";
				CLANG_ENABLE_MODULES = YES;
				CLANG_ENABLE_OBJC_ARC = YES;
				CLANG_WARN_BOOL_CONVERSION = YES;
				CLANG_WARN_CONSTANT_CONVERSION = YES;
				CLANG_WARN_DIRECT_OBJC_ISA_USAGE = YES_ERROR;
				CLANG_WARN_DOCUMENTATION_COMMENTS = YES;
				CLANG_WARN_EMPTY_BODY = YES;
				CLANG_WARN_ENUM_CONVERSION = YES;
				CLANG_WARN_INFINITE_RECURSION = YES;
				CLANG_WARN_INT_CONVERSION = YES;
				CLANG_WARN_OBJC_ROOT_CLASS = YES_ERROR;
				CLANG_WARN_SUSPICIOUS_MOVE = YES;
				CLANG_WARN_UNREACHABLE_CODE = YES;
				CLANG_WARN__DUPLICATE_METHOD_MATCH = YES;
				"CODE_SIGN_IDENTITY[sdk=iphoneos*]" = "iPhone Developer";
				COPY_PHASE_STRIP = NO;
				DEBUG_INFORMATION_FORMAT = "dwarf-with-dsym";
				ENABLE_NS_ASSERTIONS = NO;
				ENABLE_STRICT_OBJC_MSGSEND = YES;
				GCC_C_LANGUAGE_STANDARD = gnu99;
				GCC_NO_COMMON_BLOCKS = YES;
				GCC_WARN_64_TO_32_BIT_CONVERSION = YES;
				GCC_WARN_ABOUT_RETURN_TYPE = YES_ERROR;
				GCC_WARN_UNDECLARED_SELECTOR = YES;
				GCC_WARN_UNINITIALIZED_AUTOS = YES_AGGRESSIVE;
				GCC_WARN_UNUSED_FUNCTION = YES;
				GCC_WARN_UNUSED_VARIABLE = YES;
				IPHONEOS_DEPLOYMENT_TARGET = 10.3;
				MTL_ENABLE_DEBUG_INFO = NO;
				SDKROOT = iphoneos;
				SWIFT_OPTIMIZATION_LEVEL = "-Owholemodule";
				VALIDATE_PRODUCT = YES;
			};
			name = Release;
		};
		9AF87D801EDBB27600CCFDF0 /* Debug */ = {
			isa = XCBuildConfiguration;
			buildSettings = {
				ASSETCATALOG_COMPILER_APPICON_NAME = AppIcon;
				DEVELOPMENT_TEAM = "";
				INFOPLIST_FILE = WebViewDemo/Info.plist;
				LD_RUNPATH_SEARCH_PATHS = "$(inherited) @executable_path/Frameworks";
				PRODUCT_BUNDLE_IDENTIFIER = com.venditz.WebViewDemo;
				PRODUCT_NAME = "$(TARGET_NAME)";
				SWIFT_VERSION = 3.0;
			};
			name = Debug;
		};
		9AF87D811EDBB27600CCFDF0 /* Release */ = {
			isa = XCBuildConfiguration;
			buildSettings = {
				ASSETCATALOG_COMPILER_APPICON_NAME = AppIcon;
				DEVELOPMENT_TEAM = "";
				INFOPLIST_FILE = WebViewDemo/Info.plist;
				LD_RUNPATH_SEARCH_PATHS = "$(inherited) @executable_path/Frameworks";
				PRODUCT_BUNDLE_IDENTIFIER = com.venditz.WebViewDemo;
				PRODUCT_NAME = "$(TARGET_NAME)";
				SWIFT_VERSION = 3.0;
			};
			name = Release;
		};
		9AF87D831EDBB27600CCFDF0 /* Debug */ = {
			isa = XCBuildConfiguration;
			buildSettings = {
				ALWAYS_EMBED_SWIFT_STANDARD_LIBRARIES = YES;
				BUNDLE_LOADER = "$(TEST_HOST)";
				INFOPLIST_FILE = WebViewDemoTests/Info.plist;
				LD_RUNPATH_SEARCH_PATHS = "$(inherited) @executable_path/Frameworks @loader_path/Frameworks";
				PRODUCT_BUNDLE_IDENTIFIER = com.venditz.WebViewDemoTests;
				PRODUCT_NAME = "$(TARGET_NAME)";
				SWIFT_VERSION = 3.0;
				TEST_HOST = "$(BUILT_PRODUCTS_DIR)/WebViewDemo.app/WebViewDemo";
			};
			name = Debug;
		};
		9AF87D841EDBB27600CCFDF0 /* Release */ = {
			isa = XCBuildConfiguration;
			buildSettings = {
				ALWAYS_EMBED_SWIFT_STANDARD_LIBRARIES = YES;
				BUNDLE_LOADER = "$(TEST_HOST)";
				INFOPLIST_FILE = WebViewDemoTests/Info.plist;
				LD_RUNPATH_SEARCH_PATHS = "$(inherited) @executable_path/Frameworks @loader_path/Frameworks";
				PRODUCT_BUNDLE_IDENTIFIER = com.venditz.WebViewDemoTests;
				PRODUCT_NAME = "$(TARGET_NAME)";
				SWIFT_VERSION = 3.0;
				TEST_HOST = "$(BUILT_PRODUCTS_DIR)/WebViewDemo.app/WebViewDemo";
			};
			name = Release;
		};
		9AF87D861EDBB27600CCFDF0 /* Debug */ = {
			isa = XCBuildConfiguration;
			buildSettings = {
				ALWAYS_EMBED_SWIFT_STANDARD_LIBRARIES = YES;
				INFOPLIST_FILE = WebViewDemoUITests/Info.plist;
				LD_RUNPATH_SEARCH_PATHS = "$(inherited) @executable_path/Frameworks @loader_path/Frameworks";
				PRODUCT_BUNDLE_IDENTIFIER = com.venditz.WebViewDemoUITests;
				PRODUCT_NAME = "$(TARGET_NAME)";
				SWIFT_VERSION = 3.0;
				TEST_TARGET_NAME = WebViewDemo;
			};
			name = Debug;
		};
		9AF87D871EDBB27600CCFDF0 /* Release */ = {
			isa = XCBuildConfiguration;
			buildSettings = {
				ALWAYS_EMBED_SWIFT_STANDARD_LIBRARIES = YES;
				INFOPLIST_FILE = WebViewDemoUITests/Info.plist;
				LD_RUNPATH_SEARCH_PATHS = "$(inherited) @executable_path/Frameworks @loader_path/Frameworks";
				PRODUCT_BUNDLE_IDENTIFIER = com.venditz.WebViewDemoUITests;
				PRODUCT_NAME = "$(TARGET_NAME)";
				SWIFT_VERSION = 3.0;
				TEST_TARGET_NAME = WebViewDemo;
			};
			name = Release;
		};
/* End XCBuildConfiguration section */

/* Begin XCConfigurationList section */
		9AF87D521EDBB27600CCFDF0 /* Build configuration list for PBXProject "WebViewDemo" */ = {
			isa = XCConfigurationList;
			buildConfigurations = (
				9AF87D7D1EDBB27600CCFDF0 /* Debug */,
				9AF87D7E1EDBB27600CCFDF0 /* Release */,
			);
			defaultConfigurationIsVisible = 0;
			defaultConfigurationName = Release;
		};
		9AF87D7F1EDBB27600CCFDF0 /* Build configuration list for PBXNativeTarget "WebViewDemo" */ = {
			isa = XCConfigurationList;
			buildConfigurations = (
				9AF87D801EDBB27600CCFDF0 /* Debug */,
				9AF87D811EDBB27600CCFDF0 /* Release */,
			);
			defaultConfigurationIsVisible = 0;
		};
		9AF87D821EDBB27600CCFDF0 /* Build configuration list for PBXNativeTarget "WebViewDemoTests" */ = {
			isa = XCConfigurationList;
			buildConfigurations = (
				9AF87D831EDBB27600CCFDF0 /* Debug */,
				9AF87D841EDBB27600CCFDF0 /* Release */,
			);
			defaultConfigurationIsVisible = 0;
		};
		9AF87D851EDBB27600CCFDF0 /* Build configuration list for PBXNativeTarget "WebViewDemoUITests" */ = {
			isa = XCConfigurationList;
			buildConfigurations = (
				9AF87D861EDBB27600CCFDF0 /* Debug */,
				9AF87D871EDBB27600CCFDF0 /* Release */,
			);
			defaultConfigurationIsVisible = 0;
		};
/* End XCConfigurationList section */
	};
	rootObject = 9AF87D4F1EDBB27600CCFDF0 /* Project object */;
}
